// !$*UTF8*$!
{
	archiveVersion = 1;
	classes = {
	};
	objectVersion = 45;
	objects = {

/* Begin PBXAggregateTarget section */
		24416B8111C4CA220047AFDD /* Build & Test */ = {
			isa = PBXAggregateTarget;
			buildConfigurationList = 24416B8A11C4CA520047AFDD /* Build configuration list for PBXAggregateTarget "Build & Test" */;
			buildPhases = (
				24416B8011C4CA220047AFDD /* ShellScript */,
			);
			dependencies = (
				24416B8511C4CA280047AFDD /* PBXTargetDependency */,
			);
			name = "Build & Test";
			productName = "Build & test";
		};
/* End PBXAggregateTarget section */

/* Begin PBXBuildFile section */
		24DD6CF91134B3F500162E58 /* JpMsmcTidcroundswitchModule.h in Headers */ = {isa = PBXBuildFile; fileRef = 24DD6CF71134B3F500162E58 /* JpMsmcTidcroundswitchModule.h */; };
		24DD6CFA1134B3F500162E58 /* JpMsmcTidcroundswitchModule.m in Sources */ = {isa = PBXBuildFile; fileRef = 24DD6CF81134B3F500162E58 /* JpMsmcTidcroundswitchModule.m */; };
		24DE9E1111C5FE74003F90F6 /* JpMsmcTidcroundswitchModuleAssets.h in Headers */ = {isa = PBXBuildFile; fileRef = 24DE9E0F11C5FE74003F90F6 /* JpMsmcTidcroundswitchModuleAssets.h */; };
		24DE9E1211C5FE74003F90F6 /* JpMsmcTidcroundswitchModuleAssets.m in Sources */ = {isa = PBXBuildFile; fileRef = 24DE9E1011C5FE74003F90F6 /* JpMsmcTidcroundswitchModuleAssets.m */; };
		3180AF4A152AA0FF0090CBA0 /* DCRoundSwitch.h in Headers */ = {isa = PBXBuildFile; fileRef = 3180AF42152AA0FF0090CBA0 /* DCRoundSwitch.h */; };
		3180AF4B152AA0FF0090CBA0 /* DCRoundSwitch.m in Sources */ = {isa = PBXBuildFile; fileRef = 3180AF43152AA0FF0090CBA0 /* DCRoundSwitch.m */; };
		3180AF4C152AA0FF0090CBA0 /* DCRoundSwitchKnobLayer.h in Headers */ = {isa = PBXBuildFile; fileRef = 3180AF44152AA0FF0090CBA0 /* DCRoundSwitchKnobLayer.h */; };
		3180AF4D152AA0FF0090CBA0 /* DCRoundSwitchKnobLayer.m in Sources */ = {isa = PBXBuildFile; fileRef = 3180AF45152AA0FF0090CBA0 /* DCRoundSwitchKnobLayer.m */; };
		3180AF4E152AA0FF0090CBA0 /* DCRoundSwitchOutlineLayer.h in Headers */ = {isa = PBXBuildFile; fileRef = 3180AF46152AA0FF0090CBA0 /* DCRoundSwitchOutlineLayer.h */; };
		3180AF4F152AA0FF0090CBA0 /* DCRoundSwitchOutlineLayer.m in Sources */ = {isa = PBXBuildFile; fileRef = 3180AF47152AA0FF0090CBA0 /* DCRoundSwitchOutlineLayer.m */; };
		3180AF50152AA0FF0090CBA0 /* DCRoundSwitchToggleLayer.h in Headers */ = {isa = PBXBuildFile; fileRef = 3180AF48152AA0FF0090CBA0 /* DCRoundSwitchToggleLayer.h */; };
		3180AF51152AA0FF0090CBA0 /* DCRoundSwitchToggleLayer.m in Sources */ = {isa = PBXBuildFile; fileRef = 3180AF49152AA0FF0090CBA0 /* DCRoundSwitchToggleLayer.m */; };
		3180AF55152AA1360090CBA0 /* JpMsmcTidcroundswitchSwitch.h in Headers */ = {isa = PBXBuildFile; fileRef = 3180AF53152AA1360090CBA0 /* JpMsmcTidcroundswitchSwitch.h */; };
		3180AF56152AA1360090CBA0 /* JpMsmcTidcroundswitchSwitch.m in Sources */ = {isa = PBXBuildFile; fileRef = 3180AF54152AA1360090CBA0 /* JpMsmcTidcroundswitchSwitch.m */; };
		3180AF59152AA14C0090CBA0 /* JpMsmcTidcroundswitchSwitchProxy.h in Headers */ = {isa = PBXBuildFile; fileRef = 3180AF57152AA14C0090CBA0 /* JpMsmcTidcroundswitchSwitchProxy.h */; };
		3180AF5A152AA14C0090CBA0 /* JpMsmcTidcroundswitchSwitchProxy.m in Sources */ = {isa = PBXBuildFile; fileRef = 3180AF58152AA14C0090CBA0 /* JpMsmcTidcroundswitchSwitchProxy.m */; };
		3180AF5F152AA4090090CBA0 /* QuartzCore.framework in Frameworks */ = {isa = PBXBuildFile; fileRef = 3180AF5E152AA4090090CBA0 /* QuartzCore.framework */; };
		3180AF61152AA4280090CBA0 /* UIKit.framework in Frameworks */ = {isa = PBXBuildFile; fileRef = 3180AF60152AA4280090CBA0 /* UIKit.framework */; };
		AA747D9F0F9514B9006C5449 /* JpMsmcTidcroundswitch_Prefix.pch in Headers */ = {isa = PBXBuildFile; fileRef = AA747D9E0F9514B9006C5449 /* JpMsmcTidcroundswitch_Prefix.pch */; };
		AACBBE4A0F95108600F1A2B1 /* Foundation.framework in Frameworks */ = {isa = PBXBuildFile; fileRef = AACBBE490F95108600F1A2B1 /* Foundation.framework */; };
/* End PBXBuildFile section */

/* Begin PBXContainerItemProxy section */
		24416B8411C4CA280047AFDD /* PBXContainerItemProxy */ = {
			isa = PBXContainerItemProxy;
			containerPortal = 0867D690FE84028FC02AAC07 /* Project object */;
			proxyType = 1;
			remoteGlobalIDString = D2AAC07D0554694100DB518D;
			remoteInfo = tidcroundswitch;
		};
/* End PBXContainerItemProxy section */

/* Begin PBXFileReference section */
		24DD6CF71134B3F500162E58 /* JpMsmcTidcroundswitchModule.h */ = {isa = PBXFileReference; fileEncoding = 4; lastKnownFileType = sourcecode.c.h; name = JpMsmcTidcroundswitchModule.h; path = Classes/JpMsmcTidcroundswitchModule.h; sourceTree = "<group>"; };
		24DD6CF81134B3F500162E58 /* JpMsmcTidcroundswitchModule.m */ = {isa = PBXFileReference; fileEncoding = 4; lastKnownFileType = sourcecode.c.objc; name = JpMsmcTidcroundswitchModule.m; path = Classes/JpMsmcTidcroundswitchModule.m; sourceTree = "<group>"; };
		24DD6D1B1134B66800162E58 /* titanium.xcconfig */ = {isa = PBXFileReference; fileEncoding = 4; lastKnownFileType = text.xcconfig; path = titanium.xcconfig; sourceTree = "<group>"; };
		24DE9E0F11C5FE74003F90F6 /* JpMsmcTidcroundswitchModuleAssets.h */ = {isa = PBXFileReference; fileEncoding = 4; lastKnownFileType = sourcecode.c.h; name = JpMsmcTidcroundswitchModuleAssets.h; path = Classes/JpMsmcTidcroundswitchModuleAssets.h; sourceTree = "<group>"; };
		24DE9E1011C5FE74003F90F6 /* JpMsmcTidcroundswitchModuleAssets.m */ = {isa = PBXFileReference; fileEncoding = 4; lastKnownFileType = sourcecode.c.objc; name = JpMsmcTidcroundswitchModuleAssets.m; path = Classes/JpMsmcTidcroundswitchModuleAssets.m; sourceTree = "<group>"; };
		3180AF42152AA0FF0090CBA0 /* DCRoundSwitch.h */ = {isa = PBXFileReference; fileEncoding = 4; lastKnownFileType = sourcecode.c.h; path = DCRoundSwitch.h; sourceTree = "<group>"; };
		3180AF43152AA0FF0090CBA0 /* DCRoundSwitch.m */ = {isa = PBXFileReference; fileEncoding = 4; lastKnownFileType = sourcecode.c.objc; path = DCRoundSwitch.m; sourceTree = "<group>"; };
		3180AF44152AA0FF0090CBA0 /* DCRoundSwitchKnobLayer.h */ = {isa = PBXFileReference; fileEncoding = 4; lastKnownFileType = sourcecode.c.h; path = DCRoundSwitchKnobLayer.h; sourceTree = "<group>"; };
		3180AF45152AA0FF0090CBA0 /* DCRoundSwitchKnobLayer.m */ = {isa = PBXFileReference; fileEncoding = 4; lastKnownFileType = sourcecode.c.objc; path = DCRoundSwitchKnobLayer.m; sourceTree = "<group>"; };
		3180AF46152AA0FF0090CBA0 /* DCRoundSwitchOutlineLayer.h */ = {isa = PBXFileReference; fileEncoding = 4; lastKnownFileType = sourcecode.c.h; path = DCRoundSwitchOutlineLayer.h; sourceTree = "<group>"; };
		3180AF47152AA0FF0090CBA0 /* DCRoundSwitchOutlineLayer.m */ = {isa = PBXFileReference; fileEncoding = 4; lastKnownFileType = sourcecode.c.objc; path = DCRoundSwitchOutlineLayer.m; sourceTree = "<group>"; };
		3180AF48152AA0FF0090CBA0 /* DCRoundSwitchToggleLayer.h */ = {isa = PBXFileReference; fileEncoding = 4; lastKnownFileType = sourcecode.c.h; path = DCRoundSwitchToggleLayer.h; sourceTree = "<group>"; };
		3180AF49152AA0FF0090CBA0 /* DCRoundSwitchToggleLayer.m */ = {isa = PBXFileReference; fileEncoding = 4; lastKnownFileType = sourcecode.c.objc; path = DCRoundSwitchToggleLayer.m; sourceTree = "<group>"; };
		3180AF53152AA1360090CBA0 /* JpMsmcTidcroundswitchSwitch.h */ = {isa = PBXFileReference; fileEncoding = 4; lastKnownFileType = sourcecode.c.h; name = JpMsmcTidcroundswitchSwitch.h; path = Classes/JpMsmcTidcroundswitchSwitch.h; sourceTree = "<group>"; };
		3180AF54152AA1360090CBA0 /* JpMsmcTidcroundswitchSwitch.m */ = {isa = PBXFileReference; fileEncoding = 4; lastKnownFileType = sourcecode.c.objc; name = JpMsmcTidcroundswitchSwitch.m; path = Classes/JpMsmcTidcroundswitchSwitch.m; sourceTree = "<group>"; };
		3180AF57152AA14C0090CBA0 /* JpMsmcTidcroundswitchSwitchProxy.h */ = {isa = PBXFileReference; fileEncoding = 4; lastKnownFileType = sourcecode.c.h; name = JpMsmcTidcroundswitchSwitchProxy.h; path = Classes/JpMsmcTidcroundswitchSwitchProxy.h; sourceTree = "<group>"; };
		3180AF58152AA14C0090CBA0 /* JpMsmcTidcroundswitchSwitchProxy.m */ = {isa = PBXFileReference; fileEncoding = 4; lastKnownFileType = sourcecode.c.objc; name = JpMsmcTidcroundswitchSwitchProxy.m; path = Classes/JpMsmcTidcroundswitchSwitchProxy.m; sourceTree = "<group>"; };
		3180AF5E152AA4090090CBA0 /* QuartzCore.framework */ = {isa = PBXFileReference; lastKnownFileType = wrapper.framework; name = QuartzCore.framework; path = System/Library/Frameworks/QuartzCore.framework; sourceTree = SDKROOT; };
		3180AF60152AA4280090CBA0 /* UIKit.framework */ = {isa = PBXFileReference; lastKnownFileType = wrapper.framework; name = UIKit.framework; path = System/Library/Frameworks/UIKit.framework; sourceTree = SDKROOT; };
		AA747D9E0F9514B9006C5449 /* JpMsmcTidcroundswitch_Prefix.pch */ = {isa = PBXFileReference; fileEncoding = 4; lastKnownFileType = sourcecode.c.h; path = JpMsmcTidcroundswitch_Prefix.pch; sourceTree = SOURCE_ROOT; };
		AACBBE490F95108600F1A2B1 /* Foundation.framework */ = {isa = PBXFileReference; lastKnownFileType = wrapper.framework; name = Foundation.framework; path = System/Library/Frameworks/Foundation.framework; sourceTree = SDKROOT; };
		D2AAC07E0554694100DB518D /* libJpMsmcTidcroundswitch.a */ = {isa = PBXFileReference; explicitFileType = archive.ar; includeInIndex = 0; path = libJpMsmcTidcroundswitch.a; sourceTree = BUILT_PRODUCTS_DIR; };
/* End PBXFileReference section */

/* Begin PBXFrameworksBuildPhase section */
		D2AAC07C0554694100DB518D /* Frameworks */ = {
			isa = PBXFrameworksBuildPhase;
			buildActionMask = 2147483647;
			files = (
				3180AF61152AA4280090CBA0 /* UIKit.framework in Frameworks */,
				3180AF5F152AA4090090CBA0 /* QuartzCore.framework in Frameworks */,
				AACBBE4A0F95108600F1A2B1 /* Foundation.framework in Frameworks */,
			);
			runOnlyForDeploymentPostprocessing = 0;
		};
/* End PBXFrameworksBuildPhase section */

/* Begin PBXGroup section */
		034768DFFF38A50411DB9C8B /* Products */ = {
			isa = PBXGroup;
			children = (
				D2AAC07E0554694100DB518D /* libJpMsmcTidcroundswitch.a */,
			);
			name = Products;
			sourceTree = "<group>";
		};
		0867D691FE84028FC02AAC07 /* tidcroundswitch */ = {
			isa = PBXGroup;
			children = (
				3180AF41152AA0FF0090CBA0 /* DCRoundSwitch */,
				08FB77AEFE84172EC02AAC07 /* Classes */,
				32C88DFF0371C24200C91783 /* Other Sources */,
				0867D69AFE84028FC02AAC07 /* Frameworks */,
				034768DFFF38A50411DB9C8B /* Products */,
			);
			name = tidcroundswitch;
			sourceTree = "<group>";
		};
		0867D69AFE84028FC02AAC07 /* Frameworks */ = {
			isa = PBXGroup;
			children = (
				3180AF60152AA4280090CBA0 /* UIKit.framework */,
				3180AF5E152AA4090090CBA0 /* QuartzCore.framework */,
				AACBBE490F95108600F1A2B1 /* Foundation.framework */,
			);
			name = Frameworks;
			sourceTree = "<group>";
		};
		08FB77AEFE84172EC02AAC07 /* Classes */ = {
			isa = PBXGroup;
			children = (
				24DE9E0F11C5FE74003F90F6 /* JpMsmcTidcroundswitchModuleAssets.h */,
				24DE9E1011C5FE74003F90F6 /* JpMsmcTidcroundswitchModuleAssets.m */,
				24DD6CF71134B3F500162E58 /* JpMsmcTidcroundswitchModule.h */,
				24DD6CF81134B3F500162E58 /* JpMsmcTidcroundswitchModule.m */,
				3180AF53152AA1360090CBA0 /* JpMsmcTidcroundswitchSwitch.h */,
				3180AF54152AA1360090CBA0 /* JpMsmcTidcroundswitchSwitch.m */,
				3180AF57152AA14C0090CBA0 /* JpMsmcTidcroundswitchSwitchProxy.h */,
				3180AF58152AA14C0090CBA0 /* JpMsmcTidcroundswitchSwitchProxy.m */,
			);
			name = Classes;
			sourceTree = "<group>";
		};
		3180AF41152AA0FF0090CBA0 /* DCRoundSwitch */ = {
			isa = PBXGroup;
			children = (
				3180AF42152AA0FF0090CBA0 /* DCRoundSwitch.h */,
				3180AF43152AA0FF0090CBA0 /* DCRoundSwitch.m */,
				3180AF44152AA0FF0090CBA0 /* DCRoundSwitchKnobLayer.h */,
				3180AF45152AA0FF0090CBA0 /* DCRoundSwitchKnobLayer.m */,
				3180AF46152AA0FF0090CBA0 /* DCRoundSwitchOutlineLayer.h */,
				3180AF47152AA0FF0090CBA0 /* DCRoundSwitchOutlineLayer.m */,
				3180AF48152AA0FF0090CBA0 /* DCRoundSwitchToggleLayer.h */,
				3180AF49152AA0FF0090CBA0 /* DCRoundSwitchToggleLayer.m */,
			);
			path = DCRoundSwitch;
			sourceTree = "<group>";
		};
		32C88DFF0371C24200C91783 /* Other Sources */ = {
			isa = PBXGroup;
			children = (
				AA747D9E0F9514B9006C5449 /* JpMsmcTidcroundswitch_Prefix.pch */,
				24DD6D1B1134B66800162E58 /* titanium.xcconfig */,
			);
			name = "Other Sources";
			sourceTree = "<group>";
		};
/* End PBXGroup section */

/* Begin PBXHeadersBuildPhase section */
		D2AAC07A0554694100DB518D /* Headers */ = {
			isa = PBXHeadersBuildPhase;
			buildActionMask = 2147483647;
			files = (
				AA747D9F0F9514B9006C5449 /* JpMsmcTidcroundswitch_Prefix.pch in Headers */,
				24DD6CF91134B3F500162E58 /* JpMsmcTidcroundswitchModule.h in Headers */,
				24DE9E1111C5FE74003F90F6 /* JpMsmcTidcroundswitchModuleAssets.h in Headers */,
				3180AF4A152AA0FF0090CBA0 /* DCRoundSwitch.h in Headers */,
				3180AF4C152AA0FF0090CBA0 /* DCRoundSwitchKnobLayer.h in Headers */,
				3180AF4E152AA0FF0090CBA0 /* DCRoundSwitchOutlineLayer.h in Headers */,
				3180AF50152AA0FF0090CBA0 /* DCRoundSwitchToggleLayer.h in Headers */,
				3180AF55152AA1360090CBA0 /* JpMsmcTidcroundswitchSwitch.h in Headers */,
				3180AF59152AA14C0090CBA0 /* JpMsmcTidcroundswitchSwitchProxy.h in Headers */,
			);
			runOnlyForDeploymentPostprocessing = 0;
		};
/* End PBXHeadersBuildPhase section */

/* Begin PBXNativeTarget section */
		D2AAC07D0554694100DB518D /* tidcroundswitch */ = {
			isa = PBXNativeTarget;
			buildConfigurationList = 1DEB921E08733DC00010E9CD /* Build configuration list for PBXNativeTarget "tidcroundswitch" */;
			buildPhases = (
				D2AAC07A0554694100DB518D /* Headers */,
				D2AAC07B0554694100DB518D /* Sources */,
				D2AAC07C0554694100DB518D /* Frameworks */,
			);
			buildRules = (
			);
			dependencies = (
			);
			name = tidcroundswitch;
			productName = tidcroundswitch;
			productReference = D2AAC07E0554694100DB518D /* libJpMsmcTidcroundswitch.a */;
			productType = "com.apple.product-type.library.static";
		};
/* End PBXNativeTarget section */

/* Begin PBXProject section */
		0867D690FE84028FC02AAC07 /* Project object */ = {
			isa = PBXProject;
			buildConfigurationList = 1DEB922208733DC00010E9CD /* Build configuration list for PBXProject "tidcroundswitch" */;
			compatibilityVersion = "Xcode 3.1";
			developmentRegion = English;
			hasScannedForEncodings = 1;
			knownRegions = (
				English,
				Japanese,
				French,
				German,
			);
			mainGroup = 0867D691FE84028FC02AAC07 /* tidcroundswitch */;
			productRefGroup = 034768DFFF38A50411DB9C8B /* Products */;
			projectDirPath = "";
			projectRoot = "";
			targets = (
				D2AAC07D0554694100DB518D /* tidcroundswitch */,
				24416B8111C4CA220047AFDD /* Build & Test */,
			);
		};
/* End PBXProject section */

/* Begin PBXShellScriptBuildPhase section */
		24416B8011C4CA220047AFDD /* ShellScript */ = {
			isa = PBXShellScriptBuildPhase;
			buildActionMask = 2147483647;
			files = (
			);
			inputPaths = (
			);
			outputPaths = (
			);
			runOnlyForDeploymentPostprocessing = 0;
			shellPath = /bin/sh;
			shellScript = "# shell script goes here\n\npython \"${TITANIUM_SDK}/titanium.py\" run --dir=\"${PROJECT_DIR}\"\nexit $?\n";
		};
/* End PBXShellScriptBuildPhase section */

/* Begin PBXSourcesBuildPhase section */
		D2AAC07B0554694100DB518D /* Sources */ = {
			isa = PBXSourcesBuildPhase;
			buildActionMask = 2147483647;
			files = (
				24DD6CFA1134B3F500162E58 /* JpMsmcTidcroundswitchModule.m in Sources */,
				24DE9E1211C5FE74003F90F6 /* JpMsmcTidcroundswitchModuleAssets.m in Sources */,
				3180AF4B152AA0FF0090CBA0 /* DCRoundSwitch.m in Sources */,
				3180AF4D152AA0FF0090CBA0 /* DCRoundSwitchKnobLayer.m in Sources */,
				3180AF4F152AA0FF0090CBA0 /* DCRoundSwitchOutlineLayer.m in Sources */,
				3180AF51152AA0FF0090CBA0 /* DCRoundSwitchToggleLayer.m in Sources */,
				3180AF56152AA1360090CBA0 /* JpMsmcTidcroundswitchSwitch.m in Sources */,
				3180AF5A152AA14C0090CBA0 /* JpMsmcTidcroundswitchSwitchProxy.m in Sources */,
			);
			runOnlyForDeploymentPostprocessing = 0;
		};
/* End PBXSourcesBuildPhase section */

/* Begin PBXTargetDependency section */
		24416B8511C4CA280047AFDD /* PBXTargetDependency */ = {
			isa = PBXTargetDependency;
			target = D2AAC07D0554694100DB518D /* tidcroundswitch */;
			targetProxy = 24416B8411C4CA280047AFDD /* PBXContainerItemProxy */;
		};
/* End PBXTargetDependency section */

/* Begin XCBuildConfiguration section */
		1DEB921F08733DC00010E9CD /* Debug */ = {
			isa = XCBuildConfiguration;
			baseConfigurationReference = 24DD6D1B1134B66800162E58 /* titanium.xcconfig */;
			buildSettings = {
				ARCHS = (
					armv6,
					armv7,
				);
				"ARCHS[sdk=iphoneos*]" = (
					armv6,
					armv7,
				);
				"ARCHS[sdk=iphonesimulator*]" = i386;
				CODE_SIGN_IDENTITY = "iPhone Developer";
				"CODE_SIGN_IDENTITY[sdk=iphoneos*]" = "iPhone Developer";
				DSTROOT = /tmp/JpMsmcTidcroundswitch.dst;
				GCC_C_LANGUAGE_STANDARD = c99;
				GCC_OPTIMIZATION_LEVEL = 0;
				GCC_PRECOMPILE_PREFIX_HEADER = YES;
				GCC_PREFIX_HEADER = JpMsmcTidcroundswitch_Prefix.pch;
				GCC_PREPROCESSOR_DEFINITIONS = "TI_VERSION=$(TI_VERSION)";
				GCC_TREAT_WARNINGS_AS_ERRORS = NO;
				GCC_VERSION = "";
				GCC_WARN_ABOUT_RETURN_TYPE = NO;
				GCC_WARN_MISSING_PARENTHESES = NO;
				GCC_WARN_SHADOW = NO;
				GCC_WARN_STRICT_SELECTOR_MATCH = NO;
				GCC_WARN_UNUSED_FUNCTION = YES;
				GCC_WARN_UNUSED_PARAMETER = NO;
				GCC_WARN_UNUSED_VALUE = NO;
				GCC_WARN_UNUSED_VARIABLE = NO;
				INSTALL_PATH = /usr/local/lib;
				OTHER_CFLAGS = (
					"-DDEBUG",
					"-DTI_POST_1_2",
				);
				OTHER_LDFLAGS = "-ObjC";
				PRODUCT_NAME = JpMsmcTidcroundswitch;
				PROVISIONING_PROFILE = "";
				"PROVISIONING_PROFILE[sdk=iphoneos*]" = "";
				RUN_CLANG_STATIC_ANALYZER = NO;
				SDKROOT = iphoneos;
				USER_HEADER_SEARCH_PATHS = "";
			};
			name = Debug;
		};
		1DEB922008733DC00010E9CD /* Release */ = {
			isa = XCBuildConfiguration;
			baseConfigurationReference = 24DD6D1B1134B66800162E58 /* titanium.xcconfig */;
			buildSettings = {
				ALWAYS_SEARCH_USER_PATHS = NO;
				ARCHS = (
					armv6,
					armv7,
				);
				"ARCHS[sdk=iphoneos*]" = (
					armv6,
					armv7,
				);
				"ARCHS[sdk=iphonesimulator*]" = i386;
				DSTROOT = /tmp/JpMsmcTidcroundswitch.dst;
				GCC_C_LANGUAGE_STANDARD = c99;
				GCC_MODEL_TUNING = G5;
				GCC_PRECOMPILE_PREFIX_HEADER = YES;
				GCC_PREFIX_HEADER = JpMsmcTidcroundswitch_Prefix.pch;
				GCC_PREPROCESSOR_DEFINITIONS = "TI_VERSION=$(TI_VERSION)";
				GCC_TREAT_WARNINGS_AS_ERRORS = NO;
				GCC_VERSION = "";
				GCC_WARN_ABOUT_RETURN_TYPE = NO;
				GCC_WARN_MISSING_PARENTHESES = NO;
				GCC_WARN_SHADOW = NO;
				GCC_WARN_STRICT_SELECTOR_MATCH = NO;
				GCC_WARN_UNUSED_FUNCTION = YES;
				GCC_WARN_UNUSED_PARAMETER = NO;
				GCC_WARN_UNUSED_VALUE = NO;
				GCC_WARN_UNUSED_VARIABLE = NO;
				INSTALL_PATH = /usr/local/lib;
				IPHONEOS_DEPLOYMENT_TARGET = 4.0;
				OTHER_CFLAGS = "-DTI_POST_1_2";
				OTHER_LDFLAGS = "-ObjC";
				PRODUCT_NAME = JpMsmcTidcroundswitch;
				RUN_CLANG_STATIC_ANALYZER = NO;
				SDKROOT = iphoneos;
				USER_HEADER_SEARCH_PATHS = "";
			};
			name = Release;
		};
		1DEB922308733DC00010E9CD /* Debug */ = {
			isa = XCBuildConfiguration;
			baseConfigurationReference = 24DD6D1B1134B66800162E58 /* titanium.xcconfig */;
			buildSettings = {
				ARCHS = (
					armv6,
					armv7,
				);
				"ARCHS[sdk=iphoneos*]" = (
					armv6,
					armv7,
				);
				"ARCHS[sdk=iphonesimulator*]" = i386;
				CODE_SIGN_IDENTITY = "iPhone Developer";
				"CODE_SIGN_IDENTITY[sdk=iphoneos*]" = "iPhone Developer";
				DSTROOT = /tmp/JpMsmcTidcroundswitch.dst;
				GCC_C_LANGUAGE_STANDARD = c99;
				GCC_OPTIMIZATION_LEVEL = 0;
				GCC_PRECOMPILE_PREFIX_HEADER = YES;
				GCC_PREFIX_HEADER = JpMsmcTidcroundswitch_Prefix.pch;
				GCC_PREPROCESSOR_DEFINITIONS = "TI_VERSION=$(TI_VERSION)";
				GCC_TREAT_WARNINGS_AS_ERRORS = NO;
				GCC_VERSION = "";
				GCC_WARN_ABOUT_RETURN_TYPE = NO;
				GCC_WARN_MISSING_PARENTHESES = NO;
				GCC_WARN_SHADOW = NO;
				GCC_WARN_STRICT_SELECTOR_MATCH = NO;
				GCC_WARN_UNUSED_FUNCTION = YES;
				GCC_WARN_UNUSED_PARAMETER = NO;
				GCC_WARN_UNUSED_VALUE = NO;
				GCC_WARN_UNUSED_VARIABLE = NO;
				INSTALL_PATH = /usr/local/lib;
				OTHER_CFLAGS = (
					"-DDEBUG",
					"-DTI_POST_1_2",
				);
				OTHER_LDFLAGS = "-ObjC";
				PRODUCT_NAME = JpMsmcTidcroundswitch;
				PROVISIONING_PROFILE = "";
				"PROVISIONING_PROFILE[sdk=iphoneos*]" = "";
				RUN_CLANG_STATIC_ANALYZER = NO;
				SDKROOT = iphoneos;
				USER_HEADER_SEARCH_PATHS = "";
			};
			name = Debug;
		};
		1DEB922408733DC00010E9CD /* Release */ = {
			isa = XCBuildConfiguration;
			baseConfigurationReference = 24DD6D1B1134B66800162E58 /* titanium.xcconfig */;
			buildSettings = {
				ALWAYS_SEARCH_USER_PATHS = NO;
				ARCHS = (
					armv6,
					armv7,
				);
				"ARCHS[sdk=iphoneos*]" = (
					armv6,
					armv7,
				);
				"ARCHS[sdk=iphonesimulator*]" = i386;
				DSTROOT = /tmp/JpMsmcTidcroundswitch.dst;
				GCC_C_LANGUAGE_STANDARD = c99;
				GCC_MODEL_TUNING = G5;
				GCC_PRECOMPILE_PREFIX_HEADER = YES;
				GCC_PREFIX_HEADER = JpMsmcTidcroundswitch_Prefix.pch;
				GCC_PREPROCESSOR_DEFINITIONS = "TI_VERSION=$(TI_VERSION)";
				GCC_TREAT_WARNINGS_AS_ERRORS = NO;
				GCC_VERSION = "";
				GCC_WARN_ABOUT_RETURN_TYPE = NO;
				GCC_WARN_MISSING_PARENTHESES = NO;
				GCC_WARN_SHADOW = NO;
				GCC_WARN_STRICT_SELECTOR_MATCH = NO;
				GCC_WARN_UNUSED_FUNCTION = YES;
				GCC_WARN_UNUSED_PARAMETER = NO;
				GCC_WARN_UNUSED_VALUE = NO;
				GCC_WARN_UNUSED_VARIABLE = NO;
				INSTALL_PATH = /usr/local/lib;
				IPHONEOS_DEPLOYMENT_TARGET = 4.0;
				OTHER_CFLAGS = "-DTI_POST_1_2";
				OTHER_LDFLAGS = "-ObjC";
				PRODUCT_NAME = JpMsmcTidcroundswitch;
				RUN_CLANG_STATIC_ANALYZER = NO;
				SDKROOT = iphoneos;
				USER_HEADER_SEARCH_PATHS = "";
			};
			name = Release;
		};
		24416B8211C4CA220047AFDD /* Debug */ = {
			isa = XCBuildConfiguration;
			baseConfigurationReference = 24DD6D1B1134B66800162E58 /* titanium.xcconfig */;
			buildSettings = {
				COPY_PHASE_STRIP = NO;
				GCC_DYNAMIC_NO_PIC = NO;
				GCC_OPTIMIZATION_LEVEL = 0;
				PRODUCT_NAME = "Build & test";
			};
			name = Debug;
		};
		24416B8311C4CA220047AFDD /* Release */ = {
			isa = XCBuildConfiguration;
			baseConfigurationReference = 24DD6D1B1134B66800162E58 /* titanium.xcconfig */;
			buildSettings = {
				COPY_PHASE_STRIP = YES;
				DEBUG_INFORMATION_FORMAT = "dwarf-with-dsym";
				GCC_ENABLE_FIX_AND_CONTINUE = NO;
				PRODUCT_NAME = "Build & test";
				ZERO_LINK = NO;
			};
			name = Release;
		};
/* End XCBuildConfiguration section */

/* Begin XCConfigurationList section */
		1DEB921E08733DC00010E9CD /* Build configuration list for PBXNativeTarget "tidcroundswitch" */ = {
			isa = XCConfigurationList;
			buildConfigurations = (
				1DEB921F08733DC00010E9CD /* Debug */,
				1DEB922008733DC00010E9CD /* Release */,
			);
			defaultConfigurationIsVisible = 0;
			defaultConfigurationName = Release;
		};
		1DEB922208733DC00010E9CD /* Build configuration list for PBXProject "tidcroundswitch" */ = {
			isa = XCConfigurationList;
			buildConfigurations = (
				1DEB922308733DC00010E9CD /* Debug */,
				1DEB922408733DC00010E9CD /* Release */,
			);
			defaultConfigurationIsVisible = 0;
			defaultConfigurationName = Release;
		};
		24416B8A11C4CA520047AFDD /* Build configuration list for PBXAggregateTarget "Build & Test" */ = {
			isa = XCConfigurationList;
			buildConfigurations = (
				24416B8211C4CA220047AFDD /* Debug */,
				24416B8311C4CA220047AFDD /* Release */,
			);
			defaultConfigurationIsVisible = 0;
			defaultConfigurationName = Release;
		};
/* End XCConfigurationList section */
	};
	rootObject = 0867D690FE84028FC02AAC07 /* Project object */;
}
